
Microsoft Visual Studio Solution File, Format Version 12.00
# Visual Studio Version 16
VisualStudioVersion = 16.0.32901.82
MinimumVisualStudioVersion = 10.0.40219.1
Project("{FAE04EC0-301F-11D3-BF4B-00C04F79EFBC}") = "TeamProject", "TeamProject\TeamProject.csproj", "{4A54283A-4943-4C9E-BDF4-F60F2A62C10E}"
EndProject
Global
	GlobalSection(SolutionConfigurationPlatforms) = preSolution
		Debug|Any CPU = Debug|Any CPU
		Release|Any CPU = Release|Any CPU
	EndGlobalSection
	GlobalSection(ProjectConfigurationPlatforms) = postSolution
		{4A54283A-4943-4C9E-BDF4-F60F2A62C10E}.Debug|Any CPU.ActiveCfg = Debug|Any CPU
		{4A54283A-4943-4C9E-BDF4-F60F2A62C10E}.Debug|Any CPU.Build.0 = Debug|Any CPU
		{4A54283A-4943-4C9E-BDF4-F60F2A62C10E}.Release|Any CPU.ActiveCfg = Release|Any CPU
		{4A54283A-4943-4C9E-BDF4-F60F2A62C10E}.Release|Any CPU.Build.0 = Release|Any CPU
	EndGlobalSection
	GlobalSection(SolutionProperties) = preSolution
		HideSolutionNode = FALSE
	EndGlobalSection
	GlobalSection(ExtensibilityGlobals) = postSolution
		SolutionGuid = {DDE1F01C-44EE-489E-9F1C-44D403CF29F0}
	EndGlobalSection
EndGlobal
